
Microsoft Visual Studio Solution File, Format Version 12.00
# Visual Studio Version 16
VisualStudioVersion = 16.0.31702.278
MinimumVisualStudioVersion = 10.0.40219.1
Project("{9A19103F-16F7-4668-BE54-9A1E7A4F7556}") = "DBAPIServer", "DBAPIServer.csproj", "{58CF7AA9-6219-4340-90FC-32B4C56DA541}"
EndProject
Project("{9A19103F-16F7-4668-BE54-9A1E7A4F7556}") = "RESTfulAPIClient", "..\RESTfulAPIClient\RESTfulAPIClient.csproj", "{4D4F372E-7821-47D4-A522-4F2F3C2EB5EF}"
EndProject
Global
	GlobalSection(SolutionConfigurationPlatforms) = preSolution
		Debug|Any CPU = Debug|Any CPU
		Release|Any CPU = Release|Any CPU
	EndGlobalSection
	GlobalSection(ProjectConfigurationPlatforms) = postSolution
		{58CF7AA9-6219-4340-90FC-32B4C56DA541}.Debug|Any CPU.ActiveCfg = Debug|Any CPU
		{58CF7AA9-6219-4340-90FC-32B4C56DA541}.Debug|Any CPU.Build.0 = Debug|Any CPU
		{58CF7AA9-6219-4340-90FC-32B4C56DA541}.Release|Any CPU.ActiveCfg = Release|Any CPU
		{58CF7AA9-6219-4340-90FC-32B4C56DA541}.Release|Any CPU.Build.0 = Release|Any CPU
		{4D4F372E-7821-47D4-A522-4F2F3C2EB5EF}.Debug|Any CPU.ActiveCfg = Debug|Any CPU
		{4D4F372E-7821-47D4-A522-4F2F3C2EB5EF}.Debug|Any CPU.Build.0 = Debug|Any CPU
		{4D4F372E-7821-47D4-A522-4F2F3C2EB5EF}.Release|Any CPU.ActiveCfg = Release|Any CPU
		{4D4F372E-7821-47D4-A522-4F2F3C2EB5EF}.Release|Any CPU.Build.0 = Release|Any CPU
	EndGlobalSection
	GlobalSection(SolutionProperties) = preSolution
		HideSolutionNode = FALSE
	EndGlobalSection
	GlobalSection(ExtensibilityGlobals) = postSolution
		SolutionGuid = {E173B712-6730-4A75-826F-371D4B6636B9}
	EndGlobalSection
EndGlobal
